
Microsoft Visual Studio Solution File, Format Version 12.00
# Visual Studio Version 17
VisualStudioVersion = 17.7.34024.191
MinimumVisualStudioVersion = 10.0.40219.1
Project("{9A19103F-16F7-4668-BE54-9A1E7A4F7556}") = "CarApp", "CarApp\CarApp.csproj", "{823BF2B0-832A-4E65-98F3-2CB6731E3695}"
EndProject
Project("{FAE04EC0-301F-11D3-BF4B-00C04F79EFBC}") = "CarApp.Data", "CarApp.Data\CarApp.Data.csproj", "{53A4D524-C251-4905-9519-0AAAE852EEFD}"
EndProject
Global
	GlobalSection(SolutionConfigurationPlatforms) = preSolution
		Debug|Any CPU = Debug|Any CPU
		Release|Any CPU = Release|Any CPU
	EndGlobalSection
	GlobalSection(ProjectConfigurationPlatforms) = postSolution
		{823BF2B0-832A-4E65-98F3-2CB6731E3695}.Debug|Any CPU.ActiveCfg = Debug|Any CPU
		{823BF2B0-832A-4E65-98F3-2CB6731E3695}.Debug|Any CPU.Build.0 = Debug|Any CPU
		{823BF2B0-832A-4E65-98F3-2CB6731E3695}.Release|Any CPU.ActiveCfg = Release|Any CPU
		{823BF2B0-832A-4E65-98F3-2CB6731E3695}.Release|Any CPU.Build.0 = Release|Any CPU
		{53A4D524-C251-4905-9519-0AAAE852EEFD}.Debug|Any CPU.ActiveCfg = Debug|Any CPU
		{53A4D524-C251-4905-9519-0AAAE852EEFD}.Debug|Any CPU.Build.0 = Debug|Any CPU
		{53A4D524-C251-4905-9519-0AAAE852EEFD}.Release|Any CPU.ActiveCfg = Release|Any CPU
		{53A4D524-C251-4905-9519-0AAAE852EEFD}.Release|Any CPU.Build.0 = Release|Any CPU
	EndGlobalSection
	GlobalSection(SolutionProperties) = preSolution
		HideSolutionNode = FALSE
	EndGlobalSection
	GlobalSection(ExtensibilityGlobals) = postSolution
		SolutionGuid = {FA144FCA-3588-49AD-B151-95F02EE056F3}
	EndGlobalSection
EndGlobal
